{
  "nodes": {
    "darwin": {
      "inputs": {
        "nixpkgs": [
          "nixpkgs"
        ]
      },
      "locked": {
        "lastModified": 1661882940,
        "narHash": "sha256-4LaVFnV22WrOA0aolqqk9dXrM8crikcrLQt29G18F7M=",
        "owner": "lnl7",
        "repo": "nix-darwin",
        "rev": "80cec5115aae74accc4ccfb9f84306d7863f0632",
        "type": "github"
      },
      "original": {
        "owner": "lnl7",
        "ref": "master",
        "repo": "nix-darwin",
        "type": "github"
      }
    },
    "home-manager": {
      "inputs": {
        "nixpkgs": [
          "nixpkgs"
        ]
      },
      "locked": {
        "lastModified": 1656169755,
        "narHash": "sha256-Nlnm4jeQWEGjYrE6hxi/7HYHjBSZ/E0RtjCYifnNsWk=",
        "owner": "nix-community",
        "repo": "home-manager",
        "rev": "4a3d01fb53f52ac83194081272795aa4612c2381",
        "type": "github"
      },
      "original": {
        "owner": "nix-community",
        "ref": "release-22.05",
        "repo": "home-manager",
        "type": "github"
      }
    },
    "mynixpkgs": {
      "locked": {
        "lastModified": 1662327403,
        "narHash": "sha256-c4l/bKQ28PFUPOkzlUQXZPEWhSwiBvqE2Il0WAi8Eg0=",
        "owner": "Softsun2",
        "repo": "nixpkgs",
        "rev": "d67ace1e3cb91750e9ca72781cd4883bd7ebd133",
        "type": "github"
      },
      "original": {
        "owner": "Softsun2",
        "ref": "nixpkgs-22.05-darwin",
        "repo": "nixpkgs",
        "type": "github"
      }
    },
    "nixpkgs": {
      "locked": {
        "lastModified": 1662073734,
        "narHash": "sha256-SXxqqRn1M/dEWZ4/9ko+5rXHtGGy3Y3s/645dmqAVNc=",
        "owner": "nixos",
        "repo": "nixpkgs",
        "rev": "f4160d8a7b960c3e59169607b336d255dcb84410",
        "type": "github"
      },
      "original": {
        "owner": "nixos",
        "ref": "nixpkgs-22.05-darwin",
        "repo": "nixpkgs",
        "type": "github"
      }
    },
    "root": {
      "inputs": {
        "darwin": "darwin",
        "home-manager": "home-manager",
        "mynixpkgs": "mynixpkgs",
        "nixpkgs": "nixpkgs"
      }
    }
  },
  "root": "root",
  "version": 7
}
